PODS:
  - MockingbirdFramework (0.20.0)

DEPENDENCIES:
  - MockingbirdFramework (~> 0.20)

SPEC REPOS:
  trunk:
    - MockingbirdFramework

SPEC CHECKSUMS:
  MockingbirdFramework: 54e35fbbb47b806c1a1fae2cf3ef99f6eceb55e5

PODFILE CHECKSUM: 41edafc1aaeead0825d7cef36b318a99fe35daff

COCOAPODS: 1.12.1
