{"cliVersion":"0.20.0","productModuleName":"cirillo","sourceFilePaths":[{"path":"\/Users\/leonardo\/www\/cirillo\/cirillo\/ContentView.swift","hash":"16a99f2ab8e52727ebec7ad91409bb5d1fe76b5c"},{"path":"\/Users\/leonardo\/www\/cirillo\/cirillo\/Core\/DependecyInjectionContainer.swift","hash":"fa64f44f0d50f44991df9cd6b3fd673770285a39"},{"path":"\/Users\/leonardo\/www\/cirillo\/cirillo\/Core\/Extensions\/Color.swift","hash":"aa1c98517c1c5cc75f90b8cdc9242e14af98b5d8"},{"path":"\/Users\/leonardo\/www\/cirillo\/cirillo\/Data\/Gateway\/UserNotificationCenterGateway.swift","hash":"e0458c56ca8cf9d91ad3fce27a14a9ba015fd506"},{"path":"\/Users\/leonardo\/www\/cirillo\/cirillo\/Domain\/Gateways\/NotificationGateway.swift","hash":"9b3e376b77f9f2c0bd1d0b71678a11f3f0f8c7f5"},{"path":"\/Users\/leonardo\/www\/cirillo\/cirillo\/Domain\/Services\/NotificationService.swift","hash":"9ae1e6eab74b04edb32adc9eb43ec897c8ed8d2b"},{"path":"\/Users\/leonardo\/www\/cirillo\/cirillo\/Presentation\/Observables\/ClockObservable.swift","hash":"58b51c182c792c2ff8739b782e8f8780fa3595d6"},{"path":"\/Users\/leonardo\/www\/cirillo\/cirillo\/Presentation\/Pages\/ClockPage.swift","hash":"6c5037ec5009b0e8a9dbc33e85cfddadb0a566a3"},{"path":"\/Users\/leonardo\/www\/cirillo\/cirillo\/Presentation\/Views\/Clock.swift","hash":"158439b81030e0f1557267453540b6302b93f597"},{"path":"\/Users\/leonardo\/www\/cirillo\/cirillo\/Presentation\/Views\/ClockButton.swift","hash":"03aabc35f71782f3fe6be450ef6518cdd4b2ece4"},{"path":"\/Users\/leonardo\/www\/cirillo\/cirillo\/Presentation\/Views\/OutlineCircle.swift","hash":"2264fa251f78e3ae52a4fd3576a4463efd8eee03"},{"path":"\/Users\/leonardo\/www\/cirillo\/cirillo\/cirilloApp.swift","hash":"345e7125e7ba69c19d632048092cac6254300694"}],"configHash":"4c0c182f9c7edd4ba4d3e5e357af3f2a557ac0f0","dependencyPathsHash":"eaaef1d34a5aefddc607ff21875e62a71626570e","targetPathsHash":"34b15400b6635bf40569735385559b84db437873","mockedTypesHash":"a6462ea5e9e751c3d1647444e8400f536eeb75b2","outputHash":"173d456ffe73b9fa34cc029d3a8cb485877e8829","dependencies":[],"sourceRoot":"\/Users\/leonardo\/www\/cirillo","supportingFilePaths":[{"path":"\/Users\/leonardo\/www\/cirillo\/MockingbirdSupport\/AppKit\/NSResponder.swift","hash":"21296949c6d570892c8665a450e62c234c938790"},{"path":"\/Users\/leonardo\/www\/cirillo\/MockingbirdSupport\/AppKit\/NSView.swift","hash":"85b3183be144012a7e105e292426c3d9f8966072"},{"path":"\/Users\/leonardo\/www\/cirillo\/MockingbirdSupport\/AppKit\/NSViewController.swift","hash":"d8785e8a119f2723c8840534df0ad8ac61409797"},{"path":"\/Users\/leonardo\/www\/cirillo\/MockingbirdSupport\/Foundation\/ObjectiveC\/NSObject.swift","hash":"cf466772b8c2d80d31f34b93b501b398fbb8854d"},{"path":"\/Users\/leonardo\/www\/cirillo\/MockingbirdSupport\/Foundation\/ObjectiveC\/NSObject.swift","hash":"cf466772b8c2d80d31f34b93b501b398fbb8854d"},{"path":"\/Users\/leonardo\/www\/cirillo\/MockingbirdSupport\/Swift\/Codable.swift","hash":"57675d8b36a2db7b093b3542bd3225a88992c3bc"},{"path":"\/Users\/leonardo\/www\/cirillo\/MockingbirdSupport\/Swift\/Comparable.swift","hash":"d0d110744eeaf2f8fdd2f8a41df3452f35286bb7"},{"path":"\/Users\/leonardo\/www\/cirillo\/MockingbirdSupport\/Swift\/Equatable.swift","hash":"2e7674f4e23a5ab7aef45b91b63c0ed5934c3b83"},{"path":"\/Users\/leonardo\/www\/cirillo\/MockingbirdSupport\/Swift\/Hashable.swift","hash":"f59ec249aa03e312f2bda7c3b397c0dccd880a21"},{"path":"\/Users\/leonardo\/www\/cirillo\/MockingbirdSupport\/Swift\/Misc.swift","hash":"c139249ec5799f1ec64c3d9e7d8c1f286b894035"},{"path":"\/Users\/leonardo\/www\/cirillo\/MockingbirdSupport\/UIKit\/UIControl.swift","hash":"9363a4c38002598dbbc1198f16fe7198b8151d24"},{"path":"\/Users\/leonardo\/www\/cirillo\/MockingbirdSupport\/UIKit\/UILabel.swift","hash":"e26a734695bfe008598ed0d8c936683db78f40ac"},{"path":"\/Users\/leonardo\/www\/cirillo\/MockingbirdSupport\/UIKit\/UIView.swift","hash":"10e6b03a9c5a76f720c17fcb82af82ff66994926"},{"path":"\/Users\/leonardo\/www\/cirillo\/MockingbirdSupport\/UIKit\/UIViewController.swift","hash":"bbd8980a22029f339b0e8746124fd06d94730570"}],"name":"cirillo","projectHash":"777695843646d8388baae08ca8a78ac3e977b064"}