{"projectHash":"18d8959efe4a8e1a61cbe813388a6b51d1083931","productModuleName":"cirilloTests","mockedTypeNames":["\/Users\/leonardo\/www\/cirillo\/cirilloTests\/testNotificationService.swift",["NotificationGateway"],"\/Users\/leonardo\/www\/cirillo\/cirilloTests\/TestClockObservable.swift",["NotificationService"]],"cliVersion":"0.20.0","sourceFilePaths":[{"path":"\/Users\/leonardo\/www\/cirillo\/MockingbirdMocks\/cirilloTests-cirilloMocks.generated.swift","hash":"173d456ffe73b9fa34cc029d3a8cb485877e8829"},{"path":"\/Users\/leonardo\/www\/cirillo\/cirilloTests\/TestClockObservable.swift","hash":"278f3fc392281e88af06d67158bf0bc8e1f57937"},{"path":"\/Users\/leonardo\/www\/cirillo\/cirilloTests\/testNotificationService.swift","hash":"26781e0014c9fe91abf1408eade69aa430f72792"}],"sourceRoot":"\/Users\/leonardo\/www\/cirillo","dependencies":[],"name":"cirilloTests"}